// !$*UTF8*$!
{
	archiveVersion = 1;
	classes = {
	};
	objectVersion = 55;
	objects = {

/* Begin PBXBuildFile section */
		2A274C5D28B36D5D00474135 /* User.swift in Sources */ = {isa = PBXBuildFile; fileRef = 2A274C5C28B36D5D00474135 /* User.swift */; };
		2A274C6128B4A88900474135 /* ChatModel.swift in Sources */ = {isa = PBXBuildFile; fileRef = 2A274C6028B4A88900474135 /* ChatModel.swift */; };
		2A274C6328B4AC9B00474135 /* Message.swift in Sources */ = {isa = PBXBuildFile; fileRef = 2A274C6228B4AC9B00474135 /* Message.swift */; };
		2A2E59EE28D0113700796506 /* ViewController.swift in Sources */ = {isa = PBXBuildFile; fileRef = 2A2E59ED28D0113700796506 /* ViewController.swift */; };
		2A2E59F028D013A300796506 /* Calendar.swift in Sources */ = {isa = PBXBuildFile; fileRef = 2A2E59EF28D013A300796506 /* Calendar.swift */; };
		2A4B2F462893655900E47DB2 /* LoginView.swift in Sources */ = {isa = PBXBuildFile; fileRef = 2A4B2F452893655900E47DB2 /* LoginView.swift */; };
		2A4B2F4828936F8C00E47DB2 /* LoginModel.swift in Sources */ = {isa = PBXBuildFile; fileRef = 2A4B2F4728936F8C00E47DB2 /* LoginModel.swift */; };
		2A4B2F4E28A3137800E47DB2 /* PatientInfoView.swift in Sources */ = {isa = PBXBuildFile; fileRef = 2A4B2F4D28A3137800E47DB2 /* PatientInfoView.swift */; };
		2A4B2F5028A3138B00E47DB2 /* PatientInfoModel.swift in Sources */ = {isa = PBXBuildFile; fileRef = 2A4B2F4F28A3138B00E47DB2 /* PatientInfoModel.swift */; };
		2A4B2F5228A3142500E47DB2 /* PatientInfo.swift in Sources */ = {isa = PBXBuildFile; fileRef = 2A4B2F5128A3142500E47DB2 /* PatientInfo.swift */; };
		2A4B2F5428A3269100E47DB2 /* PatientInfoEditView.swift in Sources */ = {isa = PBXBuildFile; fileRef = 2A4B2F5328A3269100E47DB2 /* PatientInfoEditView.swift */; };
		2A5B93452881ED31005A457E /* accountView.swift in Sources */ = {isa = PBXBuildFile; fileRef = 2A5B93442881ED31005A457E /* accountView.swift */; };
		2A654A6E288DCB4C00C0C492 /* GoogleService-Info.plist in Resources */ = {isa = PBXBuildFile; fileRef = 2A654A6D288DCB4B00C0C492 /* GoogleService-Info.plist */; };
		2A654A71288DCD2900C0C492 /* FirebaseAnalyticsSwift in Frameworks */ = {isa = PBXBuildFile; productRef = 2A654A70288DCD2900C0C492 /* FirebaseAnalyticsSwift */; };
		2A654A73288DCD2900C0C492 /* FirebaseAuthCombine-Community in Frameworks */ = {isa = PBXBuildFile; productRef = 2A654A72288DCD2900C0C492 /* FirebaseAuthCombine-Community */; };
		2A654A75288DCD2900C0C492 /* FirebaseCrashlytics in Frameworks */ = {isa = PBXBuildFile; productRef = 2A654A74288DCD2900C0C492 /* FirebaseCrashlytics */; };
		2A654A77288DCD2900C0C492 /* FirebaseDatabaseSwift in Frameworks */ = {isa = PBXBuildFile; productRef = 2A654A76288DCD2900C0C492 /* FirebaseDatabaseSwift */; };
		2A654A79288DCD2900C0C492 /* FirebaseFirestoreSwift in Frameworks */ = {isa = PBXBuildFile; productRef = 2A654A78288DCD2900C0C492 /* FirebaseFirestoreSwift */; };
		2A654A7B288DCD2900C0C492 /* FirebaseFunctionsCombine-Community in Frameworks */ = {isa = PBXBuildFile; productRef = 2A654A7A288DCD2900C0C492 /* FirebaseFunctionsCombine-Community */; };
		2A654A7D288DCD2900C0C492 /* FirebaseInAppMessagingSwift-Beta in Frameworks */ = {isa = PBXBuildFile; productRef = 2A654A7C288DCD2900C0C492 /* FirebaseInAppMessagingSwift-Beta */; };
		2A654A7F288DCD2900C0C492 /* FirebaseRemoteConfigSwift in Frameworks */ = {isa = PBXBuildFile; productRef = 2A654A7E288DCD2900C0C492 /* FirebaseRemoteConfigSwift */; };
		2A661F8E2870FCB50014B661 /* goalsView.swift in Sources */ = {isa = PBXBuildFile; fileRef = 2A661F8D2870FCB50014B661 /* goalsView.swift */; };
		2A661F902870FCCA0014B661 /* vitalsView.swift in Sources */ = {isa = PBXBuildFile; fileRef = 2A661F8F2870FCCA0014B661 /* vitalsView.swift */; };
		2A661F922870FCEF0014B661 /* tribalsView.swift in Sources */ = {isa = PBXBuildFile; fileRef = 2A661F912870FCEF0014B661 /* tribalsView.swift */; };
		2A661F942870FD0E0014B661 /* verbalsView.swift in Sources */ = {isa = PBXBuildFile; fileRef = 2A661F932870FD0E0014B661 /* verbalsView.swift */; };
		2A8F13E828B5DB880053B091 /* MainMessagesView.swift in Sources */ = {isa = PBXBuildFile; fileRef = 2A8F13E728B5DB880053B091 /* MainMessagesView.swift */; };
		2A8F13EA28B5E0FF0053B091 /* MainMessagesModel.swift in Sources */ = {isa = PBXBuildFile; fileRef = 2A8F13E928B5E0FF0053B091 /* MainMessagesModel.swift */; };
		2A8F13EC28B5E7B40053B091 /* NewMessageView.swift in Sources */ = {isa = PBXBuildFile; fileRef = 2A8F13EB28B5E7B40053B091 /* NewMessageView.swift */; };
		2A8F13EE28B5F2630053B091 /* ChatView.swift in Sources */ = {isa = PBXBuildFile; fileRef = 2A8F13ED28B5F2630053B091 /* ChatView.swift */; };
		2A8F13F028B5FCBF0053B091 /* ChatViewModel.swift in Sources */ = {isa = PBXBuildFile; fileRef = 2A8F13EF28B5FCBF0053B091 /* ChatViewModel.swift */; };
		2A90CB3C286BF36D0079B380 /* goALSApp.swift in Sources */ = {isa = PBXBuildFile; fileRef = 2A90CB3B286BF36D0079B380 /* goALSApp.swift */; };
		2A90CB3E286BF36D0079B380 /* ContentView.swift in Sources */ = {isa = PBXBuildFile; fileRef = 2A90CB3D286BF36D0079B380 /* ContentView.swift */; };
		2A90CB40286BF3700079B380 /* Assets.xcassets in Resources */ = {isa = PBXBuildFile; fileRef = 2A90CB3F286BF3700079B380 /* Assets.xcassets */; };
		2A90CB43286BF3700079B380 /* Preview Assets.xcassets in Resources */ = {isa = PBXBuildFile; fileRef = 2A90CB42286BF3700079B380 /* Preview Assets.xcassets */; };
		2A90CB4D286BF3700079B380 /* goALSTests.swift in Sources */ = {isa = PBXBuildFile; fileRef = 2A90CB4C286BF3700079B380 /* goALSTests.swift */; };
		2A90CB57286BF3700079B380 /* goALSUITests.swift in Sources */ = {isa = PBXBuildFile; fileRef = 2A90CB56286BF3700079B380 /* goALSUITests.swift */; };
		2A90CB59286BF3700079B380 /* goALSUITestsLaunchTests.swift in Sources */ = {isa = PBXBuildFile; fileRef = 2A90CB58286BF3700079B380 /* goALSUITestsLaunchTests.swift */; };
		2AA7347428A9CD3A00D17A07 /* ChecklistItem.swift in Sources */ = {isa = PBXBuildFile; fileRef = 2AA7347328A9CD3A00D17A07 /* ChecklistItem.swift */; };
		2AA7347628AA247C00D17A07 /* TodosView.swift in Sources */ = {isa = PBXBuildFile; fileRef = 2AA7347528AA247C00D17A07 /* TodosView.swift */; };
		2AB522A228B026C800BB5691 /* ChecklistNotesView.swift in Sources */ = {isa = PBXBuildFile; fileRef = 2AB522A128B026C800BB5691 /* ChecklistNotesView.swift */; };
		2AB522A428B2F74000BB5691 /* LearnView.swift in Sources */ = {isa = PBXBuildFile; fileRef = 2AB522A328B2F74000BB5691 /* LearnView.swift */; };
		2AD1D534288F1D190019812E /* RegistrationModel.swift in Sources */ = {isa = PBXBuildFile; fileRef = 2AD1D533288F1D180019812E /* RegistrationModel.swift */; };
		2AD1D536288F22C10019812E /* RegistrationView.swift in Sources */ = {isa = PBXBuildFile; fileRef = 2AD1D535288F22C10019812E /* RegistrationView.swift */; };
		2AF1188328B896C0001A6525 /* AddNewUserView.swift in Sources */ = {isa = PBXBuildFile; fileRef = 2AF1188228B896C0001A6525 /* AddNewUserView.swift */; };
		2AF1188528B89A93001A6525 /* RegistrationSelection.swift in Sources */ = {isa = PBXBuildFile; fileRef = 2AF1188428B89A93001A6525 /* RegistrationSelection.swift */; };
		2AF1188728B89C8F001A6525 /* RegistrationSecondaryView.swift in Sources */ = {isa = PBXBuildFile; fileRef = 2AF1188628B89C8F001A6525 /* RegistrationSecondaryView.swift */; };
		2AF1195728BDBF16001A6525 /* GroupMessage.swift in Sources */ = {isa = PBXBuildFile; fileRef = 2AF1195628BDBF16001A6525 /* GroupMessage.swift */; };
		2AF1195928BDC075001A6525 /* GroupChatModel.swift in Sources */ = {isa = PBXBuildFile; fileRef = 2AF1195828BDC075001A6525 /* GroupChatModel.swift */; };
		2AF1195B28BE6DE0001A6525 /* GroupChatView.swift in Sources */ = {isa = PBXBuildFile; fileRef = 2AF1195A28BE6DE0001A6525 /* GroupChatView.swift */; };
		C9B23A5128CFB14000F9AC50 /* FSCalendar in Frameworks */ = {isa = PBXBuildFile; productRef = C9B23A5028CFB14000F9AC50 /* FSCalendar */; };
/* End PBXBuildFile section */

/* Begin PBXContainerItemProxy section */
		2A90CB49286BF3700079B380 /* PBXContainerItemProxy */ = {
			isa = PBXContainerItemProxy;
			containerPortal = 2A90CB30286BF36D0079B380 /* Project object */;
			proxyType = 1;
			remoteGlobalIDString = 2A90CB37286BF36D0079B380;
			remoteInfo = goALS;
		};
		2A90CB53286BF3700079B380 /* PBXContainerItemProxy */ = {
			isa = PBXContainerItemProxy;
			containerPortal = 2A90CB30286BF36D0079B380 /* Project object */;
			proxyType = 1;
			remoteGlobalIDString = 2A90CB37286BF36D0079B380;
			remoteInfo = goALS;
		};
/* End PBXContainerItemProxy section */

/* Begin PBXFileReference section */
		2A274C5C28B36D5D00474135 /* User.swift */ = {isa = PBXFileReference; lastKnownFileType = sourcecode.swift; path = User.swift; sourceTree = "<group>"; };
		2A274C6028B4A88900474135 /* ChatModel.swift */ = {isa = PBXFileReference; lastKnownFileType = sourcecode.swift; path = ChatModel.swift; sourceTree = "<group>"; };
		2A274C6228B4AC9B00474135 /* Message.swift */ = {isa = PBXFileReference; lastKnownFileType = sourcecode.swift; path = Message.swift; sourceTree = "<group>"; };
		2A2E59ED28D0113700796506 /* ViewController.swift */ = {isa = PBXFileReference; lastKnownFileType = sourcecode.swift; path = ViewController.swift; sourceTree = "<group>"; };
		2A2E59EF28D013A300796506 /* Calendar.swift */ = {isa = PBXFileReference; lastKnownFileType = sourcecode.swift; path = Calendar.swift; sourceTree = "<group>"; };
		2A4B2F452893655900E47DB2 /* LoginView.swift */ = {isa = PBXFileReference; lastKnownFileType = sourcecode.swift; path = LoginView.swift; sourceTree = "<group>"; };
		2A4B2F4728936F8C00E47DB2 /* LoginModel.swift */ = {isa = PBXFileReference; lastKnownFileType = sourcecode.swift; path = LoginModel.swift; sourceTree = "<group>"; };
		2A4B2F4D28A3137800E47DB2 /* PatientInfoView.swift */ = {isa = PBXFileReference; lastKnownFileType = sourcecode.swift; path = PatientInfoView.swift; sourceTree = "<group>"; };
		2A4B2F4F28A3138B00E47DB2 /* PatientInfoModel.swift */ = {isa = PBXFileReference; lastKnownFileType = sourcecode.swift; path = PatientInfoModel.swift; sourceTree = "<group>"; };
		2A4B2F5128A3142500E47DB2 /* PatientInfo.swift */ = {isa = PBXFileReference; lastKnownFileType = sourcecode.swift; path = PatientInfo.swift; sourceTree = "<group>"; };
		2A4B2F5328A3269100E47DB2 /* PatientInfoEditView.swift */ = {isa = PBXFileReference; lastKnownFileType = sourcecode.swift; path = PatientInfoEditView.swift; sourceTree = "<group>"; };
		2A5B93442881ED31005A457E /* accountView.swift */ = {isa = PBXFileReference; lastKnownFileType = sourcecode.swift; path = accountView.swift; sourceTree = "<group>"; };
		2A654A6D288DCB4B00C0C492 /* GoogleService-Info.plist */ = {isa = PBXFileReference; fileEncoding = 4; lastKnownFileType = text.plist.xml; path = "GoogleService-Info.plist"; sourceTree = "<group>"; };
		2A661F8D2870FCB50014B661 /* goalsView.swift */ = {isa = PBXFileReference; lastKnownFileType = sourcecode.swift; path = goalsView.swift; sourceTree = "<group>"; };
		2A661F8F2870FCCA0014B661 /* vitalsView.swift */ = {isa = PBXFileReference; lastKnownFileType = sourcecode.swift; path = vitalsView.swift; sourceTree = "<group>"; };
		2A661F912870FCEF0014B661 /* tribalsView.swift */ = {isa = PBXFileReference; lastKnownFileType = sourcecode.swift; path = tribalsView.swift; sourceTree = "<group>"; };
		2A661F932870FD0E0014B661 /* verbalsView.swift */ = {isa = PBXFileReference; lastKnownFileType = sourcecode.swift; path = verbalsView.swift; sourceTree = "<group>"; };
		2A8F13E728B5DB880053B091 /* MainMessagesView.swift */ = {isa = PBXFileReference; lastKnownFileType = sourcecode.swift; path = MainMessagesView.swift; sourceTree = "<group>"; };
		2A8F13E928B5E0FF0053B091 /* MainMessagesModel.swift */ = {isa = PBXFileReference; lastKnownFileType = sourcecode.swift; path = MainMessagesModel.swift; sourceTree = "<group>"; };
		2A8F13EB28B5E7B40053B091 /* NewMessageView.swift */ = {isa = PBXFileReference; lastKnownFileType = sourcecode.swift; path = NewMessageView.swift; sourceTree = "<group>"; };
		2A8F13ED28B5F2630053B091 /* ChatView.swift */ = {isa = PBXFileReference; lastKnownFileType = sourcecode.swift; path = ChatView.swift; sourceTree = "<group>"; };
		2A8F13EF28B5FCBF0053B091 /* ChatViewModel.swift */ = {isa = PBXFileReference; lastKnownFileType = sourcecode.swift; path = ChatViewModel.swift; sourceTree = "<group>"; };
		2A90CB38286BF36D0079B380 /* goALS.app */ = {isa = PBXFileReference; explicitFileType = wrapper.application; includeInIndex = 0; path = goALS.app; sourceTree = BUILT_PRODUCTS_DIR; };
		2A90CB3B286BF36D0079B380 /* goALSApp.swift */ = {isa = PBXFileReference; lastKnownFileType = sourcecode.swift; path = goALSApp.swift; sourceTree = "<group>"; };
		2A90CB3D286BF36D0079B380 /* ContentView.swift */ = {isa = PBXFileReference; lastKnownFileType = sourcecode.swift; path = ContentView.swift; sourceTree = "<group>"; };
		2A90CB3F286BF3700079B380 /* Assets.xcassets */ = {isa = PBXFileReference; lastKnownFileType = folder.assetcatalog; path = Assets.xcassets; sourceTree = "<group>"; };
		2A90CB42286BF3700079B380 /* Preview Assets.xcassets */ = {isa = PBXFileReference; lastKnownFileType = folder.assetcatalog; path = "Preview Assets.xcassets"; sourceTree = "<group>"; };
		2A90CB48286BF3700079B380 /* goALSTests.xctest */ = {isa = PBXFileReference; explicitFileType = wrapper.cfbundle; includeInIndex = 0; path = goALSTests.xctest; sourceTree = BUILT_PRODUCTS_DIR; };
		2A90CB4C286BF3700079B380 /* goALSTests.swift */ = {isa = PBXFileReference; lastKnownFileType = sourcecode.swift; path = goALSTests.swift; sourceTree = "<group>"; };
		2A90CB52286BF3700079B380 /* goALSUITests.xctest */ = {isa = PBXFileReference; explicitFileType = wrapper.cfbundle; includeInIndex = 0; path = goALSUITests.xctest; sourceTree = BUILT_PRODUCTS_DIR; };
		2A90CB56286BF3700079B380 /* goALSUITests.swift */ = {isa = PBXFileReference; lastKnownFileType = sourcecode.swift; path = goALSUITests.swift; sourceTree = "<group>"; };
		2A90CB58286BF3700079B380 /* goALSUITestsLaunchTests.swift */ = {isa = PBXFileReference; lastKnownFileType = sourcecode.swift; path = goALSUITestsLaunchTests.swift; sourceTree = "<group>"; };
		2AA7347328A9CD3A00D17A07 /* ChecklistItem.swift */ = {isa = PBXFileReference; lastKnownFileType = sourcecode.swift; path = ChecklistItem.swift; sourceTree = "<group>"; };
		2AA7347528AA247C00D17A07 /* TodosView.swift */ = {isa = PBXFileReference; lastKnownFileType = sourcecode.swift; path = TodosView.swift; sourceTree = "<group>"; };
		2AB522A128B026C800BB5691 /* ChecklistNotesView.swift */ = {isa = PBXFileReference; lastKnownFileType = sourcecode.swift; path = ChecklistNotesView.swift; sourceTree = "<group>"; };
		2AB522A328B2F74000BB5691 /* LearnView.swift */ = {isa = PBXFileReference; lastKnownFileType = sourcecode.swift; path = LearnView.swift; sourceTree = "<group>"; };
		2AD1D533288F1D180019812E /* RegistrationModel.swift */ = {isa = PBXFileReference; lastKnownFileType = sourcecode.swift; path = RegistrationModel.swift; sourceTree = "<group>"; };
		2AD1D535288F22C10019812E /* RegistrationView.swift */ = {isa = PBXFileReference; lastKnownFileType = sourcecode.swift; path = RegistrationView.swift; sourceTree = "<group>"; };
		2AF1188228B896C0001A6525 /* AddNewUserView.swift */ = {isa = PBXFileReference; lastKnownFileType = sourcecode.swift; path = AddNewUserView.swift; sourceTree = "<group>"; };
		2AF1188428B89A93001A6525 /* RegistrationSelection.swift */ = {isa = PBXFileReference; lastKnownFileType = sourcecode.swift; path = RegistrationSelection.swift; sourceTree = "<group>"; };
		2AF1188628B89C8F001A6525 /* RegistrationSecondaryView.swift */ = {isa = PBXFileReference; lastKnownFileType = sourcecode.swift; path = RegistrationSecondaryView.swift; sourceTree = "<group>"; };
		2AF1195628BDBF16001A6525 /* GroupMessage.swift */ = {isa = PBXFileReference; lastKnownFileType = sourcecode.swift; path = GroupMessage.swift; sourceTree = "<group>"; };
		2AF1195828BDC075001A6525 /* GroupChatModel.swift */ = {isa = PBXFileReference; lastKnownFileType = sourcecode.swift; path = GroupChatModel.swift; sourceTree = "<group>"; };
		2AF1195A28BE6DE0001A6525 /* GroupChatView.swift */ = {isa = PBXFileReference; lastKnownFileType = sourcecode.swift; path = GroupChatView.swift; sourceTree = "<group>"; };
/* End PBXFileReference section */

/* Begin PBXFrameworksBuildPhase section */
		2A90CB35286BF36D0079B380 /* Frameworks */ = {
			isa = PBXFrameworksBuildPhase;
			buildActionMask = 2147483647;
			files = (
				2A654A79288DCD2900C0C492 /* FirebaseFirestoreSwift in Frameworks */,
				2A654A7F288DCD2900C0C492 /* FirebaseRemoteConfigSwift in Frameworks */,
				2A654A77288DCD2900C0C492 /* FirebaseDatabaseSwift in Frameworks */,
				2A654A7D288DCD2900C0C492 /* FirebaseInAppMessagingSwift-Beta in Frameworks */,
				C9B23A5128CFB14000F9AC50 /* FSCalendar in Frameworks */,
				2A654A75288DCD2900C0C492 /* FirebaseCrashlytics in Frameworks */,
				2A654A71288DCD2900C0C492 /* FirebaseAnalyticsSwift in Frameworks */,
				2A654A73288DCD2900C0C492 /* FirebaseAuthCombine-Community in Frameworks */,
				2A654A7B288DCD2900C0C492 /* FirebaseFunctionsCombine-Community in Frameworks */,
			);
			runOnlyForDeploymentPostprocessing = 0;
		};
		2A90CB45286BF3700079B380 /* Frameworks */ = {
			isa = PBXFrameworksBuildPhase;
			buildActionMask = 2147483647;
			files = (
			);
			runOnlyForDeploymentPostprocessing = 0;
		};
		2A90CB4F286BF3700079B380 /* Frameworks */ = {
			isa = PBXFrameworksBuildPhase;
			buildActionMask = 2147483647;
			files = (
			);
			runOnlyForDeploymentPostprocessing = 0;
		};
/* End PBXFrameworksBuildPhase section */

/* Begin PBXGroup section */
		2A90CB2F286BF36D0079B380 = {
			isa = PBXGroup;
			children = (
				2A90CB3A286BF36D0079B380 /* goALS */,
				2A90CB4B286BF3700079B380 /* goALSTests */,
				2A90CB55286BF3700079B380 /* goALSUITests */,
				2A90CB39286BF36D0079B380 /* Products */,
			);
			sourceTree = "<group>";
		};
		2A90CB39286BF36D0079B380 /* Products */ = {
			isa = PBXGroup;
			children = (
				2A90CB38286BF36D0079B380 /* goALS.app */,
				2A90CB48286BF3700079B380 /* goALSTests.xctest */,
				2A90CB52286BF3700079B380 /* goALSUITests.xctest */,
			);
			name = Products;
			sourceTree = "<group>";
		};
		2A90CB3A286BF36D0079B380 /* goALS */ = {
			isa = PBXGroup;
			children = (
				2A4B2F4728936F8C00E47DB2 /* LoginModel.swift */,
				2AD1D533288F1D180019812E /* RegistrationModel.swift */,
				2A90CB3B286BF36D0079B380 /* goALSApp.swift */,
				2A4B2F452893655900E47DB2 /* LoginView.swift */,
				2AF1188628B89C8F001A6525 /* RegistrationSecondaryView.swift */,
				2A2E59EF28D013A300796506 /* Calendar.swift */,
				2A2E59ED28D0113700796506 /* ViewController.swift */,
				2A90CB3D286BF36D0079B380 /* ContentView.swift */,
				2A5B93442881ED31005A457E /* accountView.swift */,
				2AD1D535288F22C10019812E /* RegistrationView.swift */,
				2AF1188228B896C0001A6525 /* AddNewUserView.swift */,
				2AF1188428B89A93001A6525 /* RegistrationSelection.swift */,
				2A661F8F2870FCCA0014B661 /* vitalsView.swift */,
				2AB522A328B2F74000BB5691 /* LearnView.swift */,
				2A4B2F4F28A3138B00E47DB2 /* PatientInfoModel.swift */,
				2A4B2F4D28A3137800E47DB2 /* PatientInfoView.swift */,
				2A4B2F5328A3269100E47DB2 /* PatientInfoEditView.swift */,
				2A274C5C28B36D5D00474135 /* User.swift */,
				2AA7347528AA247C00D17A07 /* TodosView.swift */,
				2AB522A128B026C800BB5691 /* ChecklistNotesView.swift */,
				2AA7347328A9CD3A00D17A07 /* ChecklistItem.swift */,
				2A4B2F5128A3142500E47DB2 /* PatientInfo.swift */,
				2A274C6228B4AC9B00474135 /* Message.swift */,
				2AF1195628BDBF16001A6525 /* GroupMessage.swift */,
				2A661F8D2870FCB50014B661 /* goalsView.swift */,
				2A274C6028B4A88900474135 /* ChatModel.swift */,
				2A8F13EF28B5FCBF0053B091 /* ChatViewModel.swift */,
				2AF1195828BDC075001A6525 /* GroupChatModel.swift */,
				2AF1195A28BE6DE0001A6525 /* GroupChatView.swift */,
				2A8F13ED28B5F2630053B091 /* ChatView.swift */,
				2A8F13E928B5E0FF0053B091 /* MainMessagesModel.swift */,
				2A8F13EB28B5E7B40053B091 /* NewMessageView.swift */,
				2A8F13E728B5DB880053B091 /* MainMessagesView.swift */,
				2A661F912870FCEF0014B661 /* tribalsView.swift */,
				2A661F932870FD0E0014B661 /* verbalsView.swift */,
				2A90CB3F286BF3700079B380 /* Assets.xcassets */,
				2A654A6D288DCB4B00C0C492 /* GoogleService-Info.plist */,
				2A90CB41286BF3700079B380 /* Preview Content */,
			);
			path = goALS;
			sourceTree = "<group>";
		};
		2A90CB41286BF3700079B380 /* Preview Content */ = {
			isa = PBXGroup;
			children = (
				2A90CB42286BF3700079B380 /* Preview Assets.xcassets */,
			);
			path = "Preview Content";
			sourceTree = "<group>";
		};
		2A90CB4B286BF3700079B380 /* goALSTests */ = {
			isa = PBXGroup;
			children = (
				2A90CB4C286BF3700079B380 /* goALSTests.swift */,
			);
			path = goALSTests;
			sourceTree = "<group>";
		};
		2A90CB55286BF3700079B380 /* goALSUITests */ = {
			isa = PBXGroup;
			children = (
				2A90CB56286BF3700079B380 /* goALSUITests.swift */,
				2A90CB58286BF3700079B380 /* goALSUITestsLaunchTests.swift */,
			);
			path = goALSUITests;
			sourceTree = "<group>";
		};
/* End PBXGroup section */

/* Begin PBXNativeTarget section */
		2A90CB37286BF36D0079B380 /* goALS */ = {
			isa = PBXNativeTarget;
			buildConfigurationList = 2A90CB5C286BF3700079B380 /* Build configuration list for PBXNativeTarget "goALS" */;
			buildPhases = (
				2A90CB34286BF36D0079B380 /* Sources */,
				2A90CB35286BF36D0079B380 /* Frameworks */,
				2A90CB36286BF36D0079B380 /* Resources */,
			);
			buildRules = (
			);
			dependencies = (
			);
			name = goALS;
			packageProductDependencies = (
				2A654A70288DCD2900C0C492 /* FirebaseAnalyticsSwift */,
				2A654A72288DCD2900C0C492 /* FirebaseAuthCombine-Community */,
				2A654A74288DCD2900C0C492 /* FirebaseCrashlytics */,
				2A654A76288DCD2900C0C492 /* FirebaseDatabaseSwift */,
				2A654A78288DCD2900C0C492 /* FirebaseFirestoreSwift */,
				2A654A7A288DCD2900C0C492 /* FirebaseFunctionsCombine-Community */,
				2A654A7C288DCD2900C0C492 /* FirebaseInAppMessagingSwift-Beta */,
				2A654A7E288DCD2900C0C492 /* FirebaseRemoteConfigSwift */,
				C9B23A5028CFB14000F9AC50 /* FSCalendar */,
			);
			productName = goALS;
			productReference = 2A90CB38286BF36D0079B380 /* goALS.app */;
			productType = "com.apple.product-type.application";
		};
		2A90CB47286BF3700079B380 /* goALSTests */ = {
			isa = PBXNativeTarget;
			buildConfigurationList = 2A90CB5F286BF3700079B380 /* Build configuration list for PBXNativeTarget "goALSTests" */;
			buildPhases = (
				2A90CB44286BF3700079B380 /* Sources */,
				2A90CB45286BF3700079B380 /* Frameworks */,
				2A90CB46286BF3700079B380 /* Resources */,
			);
			buildRules = (
			);
			dependencies = (
				2A90CB4A286BF3700079B380 /* PBXTargetDependency */,
			);
			name = goALSTests;
			productName = goALSTests;
			productReference = 2A90CB48286BF3700079B380 /* goALSTests.xctest */;
			productType = "com.apple.product-type.bundle.unit-test";
		};
		2A90CB51286BF3700079B380 /* goALSUITests */ = {
			isa = PBXNativeTarget;
			buildConfigurationList = 2A90CB62286BF3700079B380 /* Build configuration list for PBXNativeTarget "goALSUITests" */;
			buildPhases = (
				2A90CB4E286BF3700079B380 /* Sources */,
				2A90CB4F286BF3700079B380 /* Frameworks */,
				2A90CB50286BF3700079B380 /* Resources */,
			);
			buildRules = (
			);
			dependencies = (
				2A90CB54286BF3700079B380 /* PBXTargetDependency */,
			);
			name = goALSUITests;
			productName = goALSUITests;
			productReference = 2A90CB52286BF3700079B380 /* goALSUITests.xctest */;
			productType = "com.apple.product-type.bundle.ui-testing";
		};
/* End PBXNativeTarget section */

/* Begin PBXProject section */
		2A90CB30286BF36D0079B380 /* Project object */ = {
			isa = PBXProject;
			attributes = {
				BuildIndependentTargetsInParallel = 1;
				LastSwiftUpdateCheck = 1340;
				LastUpgradeCheck = 1340;
				TargetAttributes = {
					2A90CB37286BF36D0079B380 = {
						CreatedOnToolsVersion = 13.4.1;
					};
					2A90CB47286BF3700079B380 = {
						CreatedOnToolsVersion = 13.4.1;
						TestTargetID = 2A90CB37286BF36D0079B380;
					};
					2A90CB51286BF3700079B380 = {
						CreatedOnToolsVersion = 13.4.1;
						TestTargetID = 2A90CB37286BF36D0079B380;
					};
				};
			};
			buildConfigurationList = 2A90CB33286BF36D0079B380 /* Build configuration list for PBXProject "goALS" */;
			compatibilityVersion = "Xcode 13.0";
			developmentRegion = en;
			hasScannedForEncodings = 0;
			knownRegions = (
				en,
				Base,
			);
			mainGroup = 2A90CB2F286BF36D0079B380;
			packageReferences = (
				2A654A6F288DCD2800C0C492 /* XCRemoteSwiftPackageReference "firebase-ios-sdk" */,
				C9B23A4F28CFB14000F9AC50 /* XCRemoteSwiftPackageReference "FSCalendar" */,
			);
			productRefGroup = 2A90CB39286BF36D0079B380 /* Products */;
			projectDirPath = "";
			projectRoot = "";
			targets = (
				2A90CB37286BF36D0079B380 /* goALS */,
				2A90CB47286BF3700079B380 /* goALSTests */,
				2A90CB51286BF3700079B380 /* goALSUITests */,
			);
		};
/* End PBXProject section */

/* Begin PBXResourcesBuildPhase section */
		2A90CB36286BF36D0079B380 /* Resources */ = {
			isa = PBXResourcesBuildPhase;
			buildActionMask = 2147483647;
			files = (
				2A90CB43286BF3700079B380 /* Preview Assets.xcassets in Resources */,
				2A90CB40286BF3700079B380 /* Assets.xcassets in Resources */,
				2A654A6E288DCB4C00C0C492 /* GoogleService-Info.plist in Resources */,
			);
			runOnlyForDeploymentPostprocessing = 0;
		};
		2A90CB46286BF3700079B380 /* Resources */ = {
			isa = PBXResourcesBuildPhase;
			buildActionMask = 2147483647;
			files = (
			);
			runOnlyForDeploymentPostprocessing = 0;
		};
		2A90CB50286BF3700079B380 /* Resources */ = {
			isa = PBXResourcesBuildPhase;
			buildActionMask = 2147483647;
			files = (
			);
			runOnlyForDeploymentPostprocessing = 0;
		};
/* End PBXResourcesBuildPhase section */

/* Begin PBXSourcesBuildPhase section */
		2A90CB34286BF36D0079B380 /* Sources */ = {
			isa = PBXSourcesBuildPhase;
			buildActionMask = 2147483647;
			files = (
				2A4B2F5028A3138B00E47DB2 /* PatientInfoModel.swift in Sources */,
				2A8F13E828B5DB880053B091 /* MainMessagesView.swift in Sources */,
				2A4B2F5228A3142500E47DB2 /* PatientInfo.swift in Sources */,
				2A4B2F4E28A3137800E47DB2 /* PatientInfoView.swift in Sources */,
				2AF1188528B89A93001A6525 /* RegistrationSelection.swift in Sources */,
				2AA7347628AA247C00D17A07 /* TodosView.swift in Sources */,
				2AB522A428B2F74000BB5691 /* LearnView.swift in Sources */,
				2AF1195B28BE6DE0001A6525 /* GroupChatView.swift in Sources */,
				2A8F13EE28B5F2630053B091 /* ChatView.swift in Sources */,
				2A8F13F028B5FCBF0053B091 /* ChatViewModel.swift in Sources */,
				2A661F922870FCEF0014B661 /* tribalsView.swift in Sources */,
				2A90CB3E286BF36D0079B380 /* ContentView.swift in Sources */,
				2A8F13EA28B5E0FF0053B091 /* MainMessagesModel.swift in Sources */,
				2AF1188728B89C8F001A6525 /* RegistrationSecondaryView.swift in Sources */,
				2AF1195928BDC075001A6525 /* GroupChatModel.swift in Sources */,
				2A8F13EC28B5E7B40053B091 /* NewMessageView.swift in Sources */,
				2A661F902870FCCA0014B661 /* vitalsView.swift in Sources */,
				2A4B2F4828936F8C00E47DB2 /* LoginModel.swift in Sources */,
				2AD1D536288F22C10019812E /* RegistrationView.swift in Sources */,
				2A4B2F5428A3269100E47DB2 /* PatientInfoEditView.swift in Sources */,
				2A661F8E2870FCB50014B661 /* goalsView.swift in Sources */,
				2A661F942870FD0E0014B661 /* verbalsView.swift in Sources */,
				2AA7347428A9CD3A00D17A07 /* ChecklistItem.swift in Sources */,
				2AF1188328B896C0001A6525 /* AddNewUserView.swift in Sources */,
				2A90CB3C286BF36D0079B380 /* goALSApp.swift in Sources */,
				2AD1D534288F1D190019812E /* RegistrationModel.swift in Sources */,
				2A2E59EE28D0113700796506 /* ViewController.swift in Sources */,
				2AB522A228B026C800BB5691 /* ChecklistNotesView.swift in Sources */,
				2A274C6328B4AC9B00474135 /* Message.swift in Sources */,
				2A274C6128B4A88900474135 /* ChatModel.swift in Sources */,
				2A4B2F462893655900E47DB2 /* LoginView.swift in Sources */,
				2AF1195728BDBF16001A6525 /* GroupMessage.swift in Sources */,
				2A5B93452881ED31005A457E /* accountView.swift in Sources */,
				2A274C5D28B36D5D00474135 /* User.swift in Sources */,
				2A2E59F028D013A300796506 /* Calendar.swift in Sources */,
			);
			runOnlyForDeploymentPostprocessing = 0;
		};
		2A90CB44286BF3700079B380 /* Sources */ = {
			isa = PBXSourcesBuildPhase;
			buildActionMask = 2147483647;
			files = (
				2A90CB4D286BF3700079B380 /* goALSTests.swift in Sources */,
			);
			runOnlyForDeploymentPostprocessing = 0;
		};
		2A90CB4E286BF3700079B380 /* Sources */ = {
			isa = PBXSourcesBuildPhase;
			buildActionMask = 2147483647;
			files = (
				2A90CB57286BF3700079B380 /* goALSUITests.swift in Sources */,
				2A90CB59286BF3700079B380 /* goALSUITestsLaunchTests.swift in Sources */,
			);
			runOnlyForDeploymentPostprocessing = 0;
		};
/* End PBXSourcesBuildPhase section */

/* Begin PBXTargetDependency section */
		2A90CB4A286BF3700079B380 /* PBXTargetDependency */ = {
			isa = PBXTargetDependency;
			target = 2A90CB37286BF36D0079B380 /* goALS */;
			targetProxy = 2A90CB49286BF3700079B380 /* PBXContainerItemProxy */;
		};
		2A90CB54286BF3700079B380 /* PBXTargetDependency */ = {
			isa = PBXTargetDependency;
			target = 2A90CB37286BF36D0079B380 /* goALS */;
			targetProxy = 2A90CB53286BF3700079B380 /* PBXContainerItemProxy */;
		};
/* End PBXTargetDependency section */

/* Begin XCBuildConfiguration section */
		2A90CB5A286BF3700079B380 /* Debug */ = {
			isa = XCBuildConfiguration;
			buildSettings = {
				ALWAYS_SEARCH_USER_PATHS = NO;
				CLANG_ANALYZER_NONNULL = YES;
				CLANG_ANALYZER_NUMBER_OBJECT_CONVERSION = YES_AGGRESSIVE;
				CLANG_CXX_LANGUAGE_STANDARD = "gnu++17";
				CLANG_ENABLE_MODULES = YES;
				CLANG_ENABLE_OBJC_ARC = YES;
				CLANG_ENABLE_OBJC_WEAK = YES;
				CLANG_WARN_BLOCK_CAPTURE_AUTORELEASING = YES;
				CLANG_WARN_BOOL_CONVERSION = YES;
				CLANG_WARN_COMMA = YES;
				CLANG_WARN_CONSTANT_CONVERSION = YES;
				CLANG_WARN_DEPRECATED_OBJC_IMPLEMENTATIONS = YES;
				CLANG_WARN_DIRECT_OBJC_ISA_USAGE = YES_ERROR;
				CLANG_WARN_DOCUMENTATION_COMMENTS = YES;
				CLANG_WARN_EMPTY_BODY = YES;
				CLANG_WARN_ENUM_CONVERSION = YES;
				CLANG_WARN_INFINITE_RECURSION = YES;
				CLANG_WARN_INT_CONVERSION = YES;
				CLANG_WARN_NON_LITERAL_NULL_CONVERSION = YES;
				CLANG_WARN_OBJC_IMPLICIT_RETAIN_SELF = YES;
				CLANG_WARN_OBJC_LITERAL_CONVERSION = YES;
				CLANG_WARN_OBJC_ROOT_CLASS = YES_ERROR;
				CLANG_WARN_QUOTED_INCLUDE_IN_FRAMEWORK_HEADER = YES;
				CLANG_WARN_RANGE_LOOP_ANALYSIS = YES;
				CLANG_WARN_STRICT_PROTOTYPES = YES;
				CLANG_WARN_SUSPICIOUS_MOVE = YES;
				CLANG_WARN_UNGUARDED_AVAILABILITY = YES_AGGRESSIVE;
				CLANG_WARN_UNREACHABLE_CODE = YES;
				CLANG_WARN__DUPLICATE_METHOD_MATCH = YES;
				COPY_PHASE_STRIP = NO;
				DEBUG_INFORMATION_FORMAT = dwarf;
				ENABLE_STRICT_OBJC_MSGSEND = YES;
				ENABLE_TESTABILITY = YES;
				GCC_C_LANGUAGE_STANDARD = gnu11;
				GCC_DYNAMIC_NO_PIC = NO;
				GCC_NO_COMMON_BLOCKS = YES;
				GCC_OPTIMIZATION_LEVEL = 0;
				GCC_PREPROCESSOR_DEFINITIONS = (
					"DEBUG=1",
					"$(inherited)",
				);
				GCC_WARN_64_TO_32_BIT_CONVERSION = YES;
				GCC_WARN_ABOUT_RETURN_TYPE = YES_ERROR;
				GCC_WARN_UNDECLARED_SELECTOR = YES;
				GCC_WARN_UNINITIALIZED_AUTOS = YES_AGGRESSIVE;
				GCC_WARN_UNUSED_FUNCTION = YES;
				GCC_WARN_UNUSED_VARIABLE = YES;
				IPHONEOS_DEPLOYMENT_TARGET = 15.5;
				MTL_ENABLE_DEBUG_INFO = INCLUDE_SOURCE;
				MTL_FAST_MATH = YES;
				ONLY_ACTIVE_ARCH = YES;
				SDKROOT = iphoneos;
				SWIFT_ACTIVE_COMPILATION_CONDITIONS = DEBUG;
				SWIFT_OPTIMIZATION_LEVEL = "-Onone";
			};
			name = Debug;
		};
		2A90CB5B286BF3700079B380 /* Release */ = {
			isa = XCBuildConfiguration;
			buildSettings = {
				ALWAYS_SEARCH_USER_PATHS = NO;
				CLANG_ANALYZER_NONNULL = YES;
				CLANG_ANALYZER_NUMBER_OBJECT_CONVERSION = YES_AGGRESSIVE;
				CLANG_CXX_LANGUAGE_STANDARD = "gnu++17";
				CLANG_ENABLE_MODULES = YES;
				CLANG_ENABLE_OBJC_ARC = YES;
				CLANG_ENABLE_OBJC_WEAK = YES;
				CLANG_WARN_BLOCK_CAPTURE_AUTORELEASING = YES;
				CLANG_WARN_BOOL_CONVERSION = YES;
				CLANG_WARN_COMMA = YES;
				CLANG_WARN_CONSTANT_CONVERSION = YES;
				CLANG_WARN_DEPRECATED_OBJC_IMPLEMENTATIONS = YES;
				CLANG_WARN_DIRECT_OBJC_ISA_USAGE = YES_ERROR;
				CLANG_WARN_DOCUMENTATION_COMMENTS = YES;
				CLANG_WARN_EMPTY_BODY = YES;
				CLANG_WARN_ENUM_CONVERSION = YES;
				CLANG_WARN_INFINITE_RECURSION = YES;
				CLANG_WARN_INT_CONVERSION = YES;
				CLANG_WARN_NON_LITERAL_NULL_CONVERSION = YES;
				CLANG_WARN_OBJC_IMPLICIT_RETAIN_SELF = YES;
				CLANG_WARN_OBJC_LITERAL_CONVERSION = YES;
				CLANG_WARN_OBJC_ROOT_CLASS = YES_ERROR;
				CLANG_WARN_QUOTED_INCLUDE_IN_FRAMEWORK_HEADER = YES;
				CLANG_WARN_RANGE_LOOP_ANALYSIS = YES;
				CLANG_WARN_STRICT_PROTOTYPES = YES;
				CLANG_WARN_SUSPICIOUS_MOVE = YES;
				CLANG_WARN_UNGUARDED_AVAILABILITY = YES_AGGRESSIVE;
				CLANG_WARN_UNREACHABLE_CODE = YES;
				CLANG_WARN__DUPLICATE_METHOD_MATCH = YES;
				COPY_PHASE_STRIP = NO;
				DEBUG_INFORMATION_FORMAT = "dwarf-with-dsym";
				ENABLE_NS_ASSERTIONS = NO;
				ENABLE_STRICT_OBJC_MSGSEND = YES;
				GCC_C_LANGUAGE_STANDARD = gnu11;
				GCC_NO_COMMON_BLOCKS = YES;
				GCC_WARN_64_TO_32_BIT_CONVERSION = YES;
				GCC_WARN_ABOUT_RETURN_TYPE = YES_ERROR;
				GCC_WARN_UNDECLARED_SELECTOR = YES;
				GCC_WARN_UNINITIALIZED_AUTOS = YES_AGGRESSIVE;
				GCC_WARN_UNUSED_FUNCTION = YES;
				GCC_WARN_UNUSED_VARIABLE = YES;
				IPHONEOS_DEPLOYMENT_TARGET = 15.5;
				MTL_ENABLE_DEBUG_INFO = NO;
				MTL_FAST_MATH = YES;
				SDKROOT = iphoneos;
				SWIFT_COMPILATION_MODE = wholemodule;
				SWIFT_OPTIMIZATION_LEVEL = "-O";
				VALIDATE_PRODUCT = YES;
			};
			name = Release;
		};
		2A90CB5D286BF3700079B380 /* Debug */ = {
			isa = XCBuildConfiguration;
			buildSettings = {
				ASSETCATALOG_COMPILER_APPICON_NAME = AppIcon;
				ASSETCATALOG_COMPILER_GLOBAL_ACCENT_COLOR_NAME = AccentColor;
				CODE_SIGN_STYLE = Automatic;
				CURRENT_PROJECT_VERSION = 1;
				DEVELOPMENT_ASSET_PATHS = "\"goALS/Preview Content\"";
				DEVELOPMENT_TEAM = D6VGN7AD29;
				ENABLE_PREVIEWS = YES;
				GENERATE_INFOPLIST_FILE = YES;
				INFOPLIST_KEY_UIApplicationSceneManifest_Generation = YES;
				INFOPLIST_KEY_UIApplicationSupportsIndirectInputEvents = YES;
				INFOPLIST_KEY_UILaunchScreen_Generation = YES;
				INFOPLIST_KEY_UISupportedInterfaceOrientations_iPad = "UIInterfaceOrientationPortrait UIInterfaceOrientationPortraitUpsideDown UIInterfaceOrientationLandscapeLeft UIInterfaceOrientationLandscapeRight";
				INFOPLIST_KEY_UISupportedInterfaceOrientations_iPhone = "UIInterfaceOrientationPortrait UIInterfaceOrientationLandscapeLeft UIInterfaceOrientationLandscapeRight";
				LD_RUNPATH_SEARCH_PATHS = (
					"$(inherited)",
					"@executable_path/Frameworks",
				);
				MARKETING_VERSION = 1.0;
				PRODUCT_BUNDLE_IDENTIFIER = com.pear.goALS;
				PRODUCT_NAME = "$(TARGET_NAME)";
				SWIFT_EMIT_LOC_STRINGS = YES;
				SWIFT_VERSION = 5.0;
				TARGETED_DEVICE_FAMILY = "1,2";
			};
			name = Debug;
		};
		2A90CB5E286BF3700079B380 /* Release */ = {
			isa = XCBuildConfiguration;
			buildSettings = {
				ASSETCATALOG_COMPILER_APPICON_NAME = AppIcon;
				ASSETCATALOG_COMPILER_GLOBAL_ACCENT_COLOR_NAME = AccentColor;
				CODE_SIGN_STYLE = Automatic;
				CURRENT_PROJECT_VERSION = 1;
				DEVELOPMENT_ASSET_PATHS = "\"goALS/Preview Content\"";
				DEVELOPMENT_TEAM = D6VGN7AD29;
				ENABLE_PREVIEWS = YES;
				GENERATE_INFOPLIST_FILE = YES;
				INFOPLIST_KEY_UIApplicationSceneManifest_Generation = YES;
				INFOPLIST_KEY_UIApplicationSupportsIndirectInputEvents = YES;
				INFOPLIST_KEY_UILaunchScreen_Generation = YES;
				INFOPLIST_KEY_UISupportedInterfaceOrientations_iPad = "UIInterfaceOrientationPortrait UIInterfaceOrientationPortraitUpsideDown UIInterfaceOrientationLandscapeLeft UIInterfaceOrientationLandscapeRight";
				INFOPLIST_KEY_UISupportedInterfaceOrientations_iPhone = "UIInterfaceOrientationPortrait UIInterfaceOrientationLandscapeLeft UIInterfaceOrientationLandscapeRight";
				LD_RUNPATH_SEARCH_PATHS = (
					"$(inherited)",
					"@executable_path/Frameworks",
				);
				MARKETING_VERSION = 1.0;
				PRODUCT_BUNDLE_IDENTIFIER = com.pear.goALS;
				PRODUCT_NAME = "$(TARGET_NAME)";
				SWIFT_EMIT_LOC_STRINGS = YES;
				SWIFT_VERSION = 5.0;
				TARGETED_DEVICE_FAMILY = "1,2";
			};
			name = Release;
		};
		2A90CB60286BF3700079B380 /* Debug */ = {
			isa = XCBuildConfiguration;
			buildSettings = {
				ALWAYS_EMBED_SWIFT_STANDARD_LIBRARIES = YES;
				BUNDLE_LOADER = "$(TEST_HOST)";
				CODE_SIGN_STYLE = Automatic;
				CURRENT_PROJECT_VERSION = 1;
				DEVELOPMENT_TEAM = D6VGN7AD29;
				GENERATE_INFOPLIST_FILE = YES;
				IPHONEOS_DEPLOYMENT_TARGET = 15.5;
				MARKETING_VERSION = 1.0;
				PRODUCT_BUNDLE_IDENTIFIER = com.goALS.goALSTests;
				PRODUCT_NAME = "$(TARGET_NAME)";
				SWIFT_EMIT_LOC_STRINGS = NO;
				SWIFT_VERSION = 5.0;
				TARGETED_DEVICE_FAMILY = "1,2";
				TEST_HOST = "$(BUILT_PRODUCTS_DIR)/goALS.app/goALS";
			};
			name = Debug;
		};
		2A90CB61286BF3700079B380 /* Release */ = {
			isa = XCBuildConfiguration;
			buildSettings = {
				ALWAYS_EMBED_SWIFT_STANDARD_LIBRARIES = YES;
				BUNDLE_LOADER = "$(TEST_HOST)";
				CODE_SIGN_STYLE = Automatic;
				CURRENT_PROJECT_VERSION = 1;
				DEVELOPMENT_TEAM = D6VGN7AD29;
				GENERATE_INFOPLIST_FILE = YES;
				IPHONEOS_DEPLOYMENT_TARGET = 15.5;
				MARKETING_VERSION = 1.0;
				PRODUCT_BUNDLE_IDENTIFIER = com.goALS.goALSTests;
				PRODUCT_NAME = "$(TARGET_NAME)";
				SWIFT_EMIT_LOC_STRINGS = NO;
				SWIFT_VERSION = 5.0;
				TARGETED_DEVICE_FAMILY = "1,2";
				TEST_HOST = "$(BUILT_PRODUCTS_DIR)/goALS.app/goALS";
			};
			name = Release;
		};
		2A90CB63286BF3700079B380 /* Debug */ = {
			isa = XCBuildConfiguration;
			buildSettings = {
				ALWAYS_EMBED_SWIFT_STANDARD_LIBRARIES = YES;
				CODE_SIGN_STYLE = Automatic;
				CURRENT_PROJECT_VERSION = 1;
				DEVELOPMENT_TEAM = D6VGN7AD29;
				GENERATE_INFOPLIST_FILE = YES;
				MARKETING_VERSION = 1.0;
				PRODUCT_BUNDLE_IDENTIFIER = com.goALS.goALSUITests;
				PRODUCT_NAME = "$(TARGET_NAME)";
				SWIFT_EMIT_LOC_STRINGS = NO;
				SWIFT_VERSION = 5.0;
				TARGETED_DEVICE_FAMILY = "1,2";
				TEST_TARGET_NAME = goALS;
			};
			name = Debug;
		};
		2A90CB64286BF3700079B380 /* Release */ = {
			isa = XCBuildConfiguration;
			buildSettings = {
				ALWAYS_EMBED_SWIFT_STANDARD_LIBRARIES = YES;
				CODE_SIGN_STYLE = Automatic;
				CURRENT_PROJECT_VERSION = 1;
				DEVELOPMENT_TEAM = D6VGN7AD29;
				GENERATE_INFOPLIST_FILE = YES;
				MARKETING_VERSION = 1.0;
				PRODUCT_BUNDLE_IDENTIFIER = com.goALS.goALSUITests;
				PRODUCT_NAME = "$(TARGET_NAME)";
				SWIFT_EMIT_LOC_STRINGS = NO;
				SWIFT_VERSION = 5.0;
				TARGETED_DEVICE_FAMILY = "1,2";
				TEST_TARGET_NAME = goALS;
			};
			name = Release;
		};
/* End XCBuildConfiguration section */

/* Begin XCConfigurationList section */
		2A90CB33286BF36D0079B380 /* Build configuration list for PBXProject "goALS" */ = {
			isa = XCConfigurationList;
			buildConfigurations = (
				2A90CB5A286BF3700079B380 /* Debug */,
				2A90CB5B286BF3700079B380 /* Release */,
			);
			defaultConfigurationIsVisible = 0;
			defaultConfigurationName = Release;
		};
		2A90CB5C286BF3700079B380 /* Build configuration list for PBXNativeTarget "goALS" */ = {
			isa = XCConfigurationList;
			buildConfigurations = (
				2A90CB5D286BF3700079B380 /* Debug */,
				2A90CB5E286BF3700079B380 /* Release */,
			);
			defaultConfigurationIsVisible = 0;
			defaultConfigurationName = Release;
		};
		2A90CB5F286BF3700079B380 /* Build configuration list for PBXNativeTarget "goALSTests" */ = {
			isa = XCConfigurationList;
			buildConfigurations = (
				2A90CB60286BF3700079B380 /* Debug */,
				2A90CB61286BF3700079B380 /* Release */,
			);
			defaultConfigurationIsVisible = 0;
			defaultConfigurationName = Release;
		};
		2A90CB62286BF3700079B380 /* Build configuration list for PBXNativeTarget "goALSUITests" */ = {
			isa = XCConfigurationList;
			buildConfigurations = (
				2A90CB63286BF3700079B380 /* Debug */,
				2A90CB64286BF3700079B380 /* Release */,
			);
			defaultConfigurationIsVisible = 0;
			defaultConfigurationName = Release;
		};
/* End XCConfigurationList section */

/* Begin XCRemoteSwiftPackageReference section */
		2A654A6F288DCD2800C0C492 /* XCRemoteSwiftPackageReference "firebase-ios-sdk" */ = {
			isa = XCRemoteSwiftPackageReference;
			repositoryURL = "https://github.com/firebase/firebase-ios-sdk";
			requirement = {
				kind = upToNextMajorVersion;
				minimumVersion = 9.0.0;
			};
		};
		C9B23A4F28CFB14000F9AC50 /* XCRemoteSwiftPackageReference "FSCalendar" */ = {
			isa = XCRemoteSwiftPackageReference;
			repositoryURL = "https://github.com/WenchaoD/FSCalendar/";
			requirement = {
				kind = upToNextMajorVersion;
				minimumVersion = 2.0.0;
			};
		};
/* End XCRemoteSwiftPackageReference section */

/* Begin XCSwiftPackageProductDependency section */
		2A654A70288DCD2900C0C492 /* FirebaseAnalyticsSwift */ = {
			isa = XCSwiftPackageProductDependency;
			package = 2A654A6F288DCD2800C0C492 /* XCRemoteSwiftPackageReference "firebase-ios-sdk" */;
			productName = FirebaseAnalyticsSwift;
		};
		2A654A72288DCD2900C0C492 /* FirebaseAuthCombine-Community */ = {
			isa = XCSwiftPackageProductDependency;
			package = 2A654A6F288DCD2800C0C492 /* XCRemoteSwiftPackageReference "firebase-ios-sdk" */;
			productName = "FirebaseAuthCombine-Community";
		};
		2A654A74288DCD2900C0C492 /* FirebaseCrashlytics */ = {
			isa = XCSwiftPackageProductDependency;
			package = 2A654A6F288DCD2800C0C492 /* XCRemoteSwiftPackageReference "firebase-ios-sdk" */;
			productName = FirebaseCrashlytics;
		};
		2A654A76288DCD2900C0C492 /* FirebaseDatabaseSwift */ = {
			isa = XCSwiftPackageProductDependency;
			package = 2A654A6F288DCD2800C0C492 /* XCRemoteSwiftPackageReference "firebase-ios-sdk" */;
			productName = FirebaseDatabaseSwift;
		};
		2A654A78288DCD2900C0C492 /* FirebaseFirestoreSwift */ = {
			isa = XCSwiftPackageProductDependency;
			package = 2A654A6F288DCD2800C0C492 /* XCRemoteSwiftPackageReference "firebase-ios-sdk" */;
			productName = FirebaseFirestoreSwift;
		};
		2A654A7A288DCD2900C0C492 /* FirebaseFunctionsCombine-Community */ = {
			isa = XCSwiftPackageProductDependency;
			package = 2A654A6F288DCD2800C0C492 /* XCRemoteSwiftPackageReference "firebase-ios-sdk" */;
			productName = "FirebaseFunctionsCombine-Community";
		};
		2A654A7C288DCD2900C0C492 /* FirebaseInAppMessagingSwift-Beta */ = {
			isa = XCSwiftPackageProductDependency;
			package = 2A654A6F288DCD2800C0C492 /* XCRemoteSwiftPackageReference "firebase-ios-sdk" */;
			productName = "FirebaseInAppMessagingSwift-Beta";
		};
		2A654A7E288DCD2900C0C492 /* FirebaseRemoteConfigSwift */ = {
			isa = XCSwiftPackageProductDependency;
			package = 2A654A6F288DCD2800C0C492 /* XCRemoteSwiftPackageReference "firebase-ios-sdk" */;
			productName = FirebaseRemoteConfigSwift;
		};
		C9B23A5028CFB14000F9AC50 /* FSCalendar */ = {
			isa = XCSwiftPackageProductDependency;
			package = C9B23A4F28CFB14000F9AC50 /* XCRemoteSwiftPackageReference "FSCalendar" */;
			productName = FSCalendar;
		};
/* End XCSwiftPackageProductDependency section */
	};
	rootObject = 2A90CB30286BF36D0079B380 /* Project object */;
}
